
Microsoft Visual Studio Solution File, Format Version 12.00
# Visual Studio 15
VisualStudioVersion = 15.0.28010.2048
MinimumVisualStudioVersion = 10.0.40219.1
Project("{FAE04EC0-301F-11D3-BF4B-00C04F79EFBC}") = "ScreenShooter", "ScreenShoter\ScreenShooter.csproj", "{62B7A6E7-57C3-49D6-B522-CD73736CD42D}"
EndProject
Global
	GlobalSection(SolutionConfigurationPlatforms) = preSolution
		Debug|Any CPU = Debug|Any CPU
		Release|Any CPU = Release|Any CPU
	EndGlobalSection
	GlobalSection(ProjectConfigurationPlatforms) = postSolution
		{62B7A6E7-57C3-49D6-B522-CD73736CD42D}.Debug|Any CPU.ActiveCfg = Debug|Any CPU
		{62B7A6E7-57C3-49D6-B522-CD73736CD42D}.Debug|Any CPU.Build.0 = Debug|Any CPU
		{62B7A6E7-57C3-49D6-B522-CD73736CD42D}.Release|Any CPU.ActiveCfg = Release|Any CPU
		{62B7A6E7-57C3-49D6-B522-CD73736CD42D}.Release|Any CPU.Build.0 = Release|Any CPU
	EndGlobalSection
	GlobalSection(SolutionProperties) = preSolution
		HideSolutionNode = FALSE
	EndGlobalSection
	GlobalSection(ExtensibilityGlobals) = postSolution
		SolutionGuid = {3657E61D-40BC-4545-BD10-09A877E995E8}
	EndGlobalSection
EndGlobal
